// !$*UTF8*$!
{
	archiveVersion = 1;
	classes = {
	};
	objectVersion = 46;
	objects = {

/* Begin PBXBuildFile section */
		007BE1B51832BD5700FF5666 /* Foundation.framework in Frameworks */ = {isa = PBXBuildFile; fileRef = 007BE1B41832BD5700FF5666 /* Foundation.framework */; };
		007BE1B71832BD5700FF5666 /* CoreGraphics.framework in Frameworks */ = {isa = PBXBuildFile; fileRef = 007BE1B61832BD5700FF5666 /* CoreGraphics.framework */; };
		007BE1B91832BD5700FF5666 /* UIKit.framework in Frameworks */ = {isa = PBXBuildFile; fileRef = 007BE1B81832BD5700FF5666 /* UIKit.framework */; };
		007BE1BF1832BD5700FF5666 /* InfoPlist.strings in Resources */ = {isa = PBXBuildFile; fileRef = 007BE1BD1832BD5700FF5666 /* InfoPlist.strings */; };
		007BE1C11832BD5700FF5666 /* main.m in Sources */ = {isa = PBXBuildFile; fileRef = 007BE1C01832BD5700FF5666 /* main.m */; };
		007BE1C51832BD5700FF5666 /* ZEGAppDelegate.m in Sources */ = {isa = PBXBuildFile; fileRef = 007BE1C41832BD5700FF5666 /* ZEGAppDelegate.m */; };
		007BE1C81832BD5700FF5666 /* Main.storyboard in Resources */ = {isa = PBXBuildFile; fileRef = 007BE1C61832BD5700FF5666 /* Main.storyboard */; };
		007BE1CB1832BD5700FF5666 /* ZEGViewController.m in Sources */ = {isa = PBXBuildFile; fileRef = 007BE1CA1832BD5700FF5666 /* ZEGViewController.m */; };
		007BE1CD1832BD5700FF5666 /* Images.xcassets in Resources */ = {isa = PBXBuildFile; fileRef = 007BE1CC1832BD5700FF5666 /* Images.xcassets */; };
		007BE1D41832BD5700FF5666 /* XCTest.framework in Frameworks */ = {isa = PBXBuildFile; fileRef = 007BE1D31832BD5700FF5666 /* XCTest.framework */; };
		007BE1D51832BD5700FF5666 /* Foundation.framework in Frameworks */ = {isa = PBXBuildFile; fileRef = 007BE1B41832BD5700FF5666 /* Foundation.framework */; };
		007BE1D61832BD5700FF5666 /* UIKit.framework in Frameworks */ = {isa = PBXBuildFile; fileRef = 007BE1B81832BD5700FF5666 /* UIKit.framework */; };
		007BE1DE1832BD5700FF5666 /* InfoPlist.strings in Resources */ = {isa = PBXBuildFile; fileRef = 007BE1DC1832BD5700FF5666 /* InfoPlist.strings */; };
		007BE1E01832BD5700FF5666 /* iWallTests.m in Sources */ = {isa = PBXBuildFile; fileRef = 007BE1DF1832BD5700FF5666 /* iWallTests.m */; };
		007BE1EA1832C14600FF5666 /* FacebookSDK.framework in Frameworks */ = {isa = PBXBuildFile; fileRef = 007BE1E91832C14600FF5666 /* FacebookSDK.framework */; };
		007BE1EC1832C1A300FF5666 /* AdSupport.framework in Frameworks */ = {isa = PBXBuildFile; fileRef = 007BE1EB1832C1A300FF5666 /* AdSupport.framework */; };
		007BE1EE1832C1AC00FF5666 /* Accounts.framework in Frameworks */ = {isa = PBXBuildFile; fileRef = 007BE1ED1832C1AC00FF5666 /* Accounts.framework */; };
		007BE1F01832C1B400FF5666 /* libsqlite3.0.dylib in Frameworks */ = {isa = PBXBuildFile; fileRef = 007BE1EF1832C1B400FF5666 /* libsqlite3.0.dylib */; };
		007BE1F21832C1BC00FF5666 /* Security.framework in Frameworks */ = {isa = PBXBuildFile; fileRef = 007BE1F11832C1BC00FF5666 /* Security.framework */; };
		007BE1F41832C1C500FF5666 /* Social.framework in Frameworks */ = {isa = PBXBuildFile; fileRef = 007BE1F31832C1C500FF5666 /* Social.framework */; };
		007BE1F61832C29300FF5666 /* Parse.framework in Frameworks */ = {isa = PBXBuildFile; fileRef = 007BE1F51832C29300FF5666 /* Parse.framework */; };
		007BE1F81832C2A100FF5666 /* AudioToolbox.framework in Frameworks */ = {isa = PBXBuildFile; fileRef = 007BE1F71832C2A100FF5666 /* AudioToolbox.framework */; };
		007BE1FA1832C2AA00FF5666 /* CFNetwork.framework in Frameworks */ = {isa = PBXBuildFile; fileRef = 007BE1F91832C2AA00FF5666 /* CFNetwork.framework */; };
		007BE1FC1832C2C500FF5666 /* CoreLocation.framework in Frameworks */ = {isa = PBXBuildFile; fileRef = 007BE1FB1832C2C500FF5666 /* CoreLocation.framework */; };
		007BE1FE1832C2D300FF5666 /* libz.1.1.3.dylib in Frameworks */ = {isa = PBXBuildFile; fileRef = 007BE1FD1832C2D300FF5666 /* libz.1.1.3.dylib */; };
		007BE2001832C2DC00FF5666 /* MobileCoreServices.framework in Frameworks */ = {isa = PBXBuildFile; fileRef = 007BE1FF1832C2DC00FF5666 /* MobileCoreServices.framework */; };
		007BE2021832C2E500FF5666 /* QuartzCore.framework in Frameworks */ = {isa = PBXBuildFile; fileRef = 007BE2011832C2E500FF5666 /* QuartzCore.framework */; };
		007BE2041832C2ED00FF5666 /* StoreKit.framework in Frameworks */ = {isa = PBXBuildFile; fileRef = 007BE2031832C2ED00FF5666 /* StoreKit.framework */; };
		007BE2061832C2F400FF5666 /* SystemConfiguration.framework in Frameworks */ = {isa = PBXBuildFile; fileRef = 007BE2051832C2F400FF5666 /* SystemConfiguration.framework */; };
		007BE2081832C48900FF5666 /* loginButton.png in Resources */ = {isa = PBXBuildFile; fileRef = 007BE2071832C48900FF5666 /* loginButton.png */; };
		007BE20B1832C6A700FF5666 /* ZEGCommons.m in Sources */ = {isa = PBXBuildFile; fileRef = 007BE20A1832C6A700FF5666 /* ZEGCommons.m */; };
		007BE20E1832CDB000FF5666 /* ZEGWallViewController.m in Sources */ = {isa = PBXBuildFile; fileRef = 007BE20D1832CDB000FF5666 /* ZEGWallViewController.m */; };
/* End PBXBuildFile section */

/* Begin PBXContainerItemProxy section */
		007BE1D71832BD5700FF5666 /* PBXContainerItemProxy */ = {
			isa = PBXContainerItemProxy;
			containerPortal = 007BE1A91832BD5700FF5666 /* Project object */;
			proxyType = 1;
			remoteGlobalIDString = 007BE1B01832BD5700FF5666;
			remoteInfo = iWall;
		};
/* End PBXContainerItemProxy section */

/* Begin PBXFileReference section */
		007BE1B11832BD5700FF5666 /* iWall.app */ = {isa = PBXFileReference; explicitFileType = wrapper.application; includeInIndex = 0; path = iWall.app; sourceTree = BUILT_PRODUCTS_DIR; };
		007BE1B41832BD5700FF5666 /* Foundation.framework */ = {isa = PBXFileReference; lastKnownFileType = wrapper.framework; name = Foundation.framework; path = System/Library/Frameworks/Foundation.framework; sourceTree = SDKROOT; };
		007BE1B61832BD5700FF5666 /* CoreGraphics.framework */ = {isa = PBXFileReference; lastKnownFileType = wrapper.framework; name = CoreGraphics.framework; path = System/Library/Frameworks/CoreGraphics.framework; sourceTree = SDKROOT; };
		007BE1B81832BD5700FF5666 /* UIKit.framework */ = {isa = PBXFileReference; lastKnownFileType = wrapper.framework; name = UIKit.framework; path = System/Library/Frameworks/UIKit.framework; sourceTree = SDKROOT; };
		007BE1BC1832BD5700FF5666 /* iWall-Info.plist */ = {isa = PBXFileReference; lastKnownFileType = text.plist.xml; path = "iWall-Info.plist"; sourceTree = "<group>"; };
		007BE1BE1832BD5700FF5666 /* en */ = {isa = PBXFileReference; lastKnownFileType = text.plist.strings; name = en; path = en.lproj/InfoPlist.strings; sourceTree = "<group>"; };
		007BE1C01832BD5700FF5666 /* main.m */ = {isa = PBXFileReference; lastKnownFileType = sourcecode.c.objc; path = main.m; sourceTree = "<group>"; };
		007BE1C21832BD5700FF5666 /* iWall-Prefix.pch */ = {isa = PBXFileReference; lastKnownFileType = sourcecode.c.h; path = "iWall-Prefix.pch"; sourceTree = "<group>"; };
		007BE1C31832BD5700FF5666 /* ZEGAppDelegate.h */ = {isa = PBXFileReference; lastKnownFileType = sourcecode.c.h; path = ZEGAppDelegate.h; sourceTree = "<group>"; };
		007BE1C41832BD5700FF5666 /* ZEGAppDelegate.m */ = {isa = PBXFileReference; lastKnownFileType = sourcecode.c.objc; path = ZEGAppDelegate.m; sourceTree = "<group>"; };
		007BE1C71832BD5700FF5666 /* Base */ = {isa = PBXFileReference; lastKnownFileType = file.storyboard; name = Base; path = Base.lproj/Main.storyboard; sourceTree = "<group>"; };
		007BE1C91832BD5700FF5666 /* ZEGViewController.h */ = {isa = PBXFileReference; lastKnownFileType = sourcecode.c.h; path = ZEGViewController.h; sourceTree = "<group>"; };
		007BE1CA1832BD5700FF5666 /* ZEGViewController.m */ = {isa = PBXFileReference; lastKnownFileType = sourcecode.c.objc; path = ZEGViewController.m; sourceTree = "<group>"; };
		007BE1CC1832BD5700FF5666 /* Images.xcassets */ = {isa = PBXFileReference; lastKnownFileType = folder.assetcatalog; path = Images.xcassets; sourceTree = "<group>"; };
		007BE1D21832BD5700FF5666 /* iWallTests.xctest */ = {isa = PBXFileReference; explicitFileType = wrapper.cfbundle; includeInIndex = 0; path = iWallTests.xctest; sourceTree = BUILT_PRODUCTS_DIR; };
		007BE1D31832BD5700FF5666 /* XCTest.framework */ = {isa = PBXFileReference; lastKnownFileType = wrapper.framework; name = XCTest.framework; path = Library/Frameworks/XCTest.framework; sourceTree = DEVELOPER_DIR; };
		007BE1DB1832BD5700FF5666 /* iWallTests-Info.plist */ = {isa = PBXFileReference; lastKnownFileType = text.plist.xml; path = "iWallTests-Info.plist"; sourceTree = "<group>"; };
		007BE1DD1832BD5700FF5666 /* en */ = {isa = PBXFileReference; lastKnownFileType = text.plist.strings; name = en; path = en.lproj/InfoPlist.strings; sourceTree = "<group>"; };
		007BE1DF1832BD5700FF5666 /* iWallTests.m */ = {isa = PBXFileReference; lastKnownFileType = sourcecode.c.objc; path = iWallTests.m; sourceTree = "<group>"; };
		007BE1E91832C14600FF5666 /* FacebookSDK.framework */ = {isa = PBXFileReference; lastKnownFileType = wrapper.framework; name = FacebookSDK.framework; path = ../../../Documents/SDKs/FacebookSDK/FacebookSDK.framework; sourceTree = "<group>"; };
		007BE1EB1832C1A300FF5666 /* AdSupport.framework */ = {isa = PBXFileReference; lastKnownFileType = wrapper.framework; name = AdSupport.framework; path = System/Library/Frameworks/AdSupport.framework; sourceTree = SDKROOT; };
		007BE1ED1832C1AC00FF5666 /* Accounts.framework */ = {isa = PBXFileReference; lastKnownFileType = wrapper.framework; name = Accounts.framework; path = System/Library/Frameworks/Accounts.framework; sourceTree = SDKROOT; };
		007BE1EF1832C1B400FF5666 /* libsqlite3.0.dylib */ = {isa = PBXFileReference; lastKnownFileType = "compiled.mach-o.dylib"; name = libsqlite3.0.dylib; path = usr/lib/libsqlite3.0.dylib; sourceTree = SDKROOT; };
		007BE1F11832C1BC00FF5666 /* Security.framework */ = {isa = PBXFileReference; lastKnownFileType = wrapper.framework; name = Security.framework; path = System/Library/Frameworks/Security.framework; sourceTree = SDKROOT; };
		007BE1F31832C1C500FF5666 /* Social.framework */ = {isa = PBXFileReference; lastKnownFileType = wrapper.framework; name = Social.framework; path = System/Library/Frameworks/Social.framework; sourceTree = SDKROOT; };
		007BE1F51832C29300FF5666 /* Parse.framework */ = {isa = PBXFileReference; lastKnownFileType = wrapper.framework; path = Parse.framework; sourceTree = "<group>"; };
		007BE1F71832C2A100FF5666 /* AudioToolbox.framework */ = {isa = PBXFileReference; lastKnownFileType = wrapper.framework; name = AudioToolbox.framework; path = System/Library/Frameworks/AudioToolbox.framework; sourceTree = SDKROOT; };
		007BE1F91832C2AA00FF5666 /* CFNetwork.framework */ = {isa = PBXFileReference; lastKnownFileType = wrapper.framework; name = CFNetwork.framework; path = System/Library/Frameworks/CFNetwork.framework; sourceTree = SDKROOT; };
		007BE1FB1832C2C500FF5666 /* CoreLocation.framework */ = {isa = PBXFileReference; lastKnownFileType = wrapper.framework; name = CoreLocation.framework; path = System/Library/Frameworks/CoreLocation.framework; sourceTree = SDKROOT; };
		007BE1FD1832C2D300FF5666 /* libz.1.1.3.dylib */ = {isa = PBXFileReference; lastKnownFileType = "compiled.mach-o.dylib"; name = libz.1.1.3.dylib; path = usr/lib/libz.1.1.3.dylib; sourceTree = SDKROOT; };
		007BE1FF1832C2DC00FF5666 /* MobileCoreServices.framework */ = {isa = PBXFileReference; lastKnownFileType = wrapper.framework; name = MobileCoreServices.framework; path = System/Library/Frameworks/MobileCoreServices.framework; sourceTree = SDKROOT; };
		007BE2011832C2E500FF5666 /* QuartzCore.framework */ = {isa = PBXFileReference; lastKnownFileType = wrapper.framework; name = QuartzCore.framework; path = System/Library/Frameworks/QuartzCore.framework; sourceTree = SDKROOT; };
		007BE2031832C2ED00FF5666 /* StoreKit.framework */ = {isa = PBXFileReference; lastKnownFileType = wrapper.framework; name = StoreKit.framework; path = System/Library/Frameworks/StoreKit.framework; sourceTree = SDKROOT; };
		007BE2051832C2F400FF5666 /* SystemConfiguration.framework */ = {isa = PBXFileReference; lastKnownFileType = wrapper.framework; name = SystemConfiguration.framework; path = System/Library/Frameworks/SystemConfiguration.framework; sourceTree = SDKROOT; };
		007BE2071832C48900FF5666 /* loginButton.png */ = {isa = PBXFileReference; lastKnownFileType = image.png; path = loginButton.png; sourceTree = "<group>"; };
		007BE2091832C6A700FF5666 /* ZEGCommons.h */ = {isa = PBXFileReference; fileEncoding = 4; lastKnownFileType = sourcecode.c.h; path = ZEGCommons.h; sourceTree = "<group>"; };
		007BE20A1832C6A700FF5666 /* ZEGCommons.m */ = {isa = PBXFileReference; fileEncoding = 4; lastKnownFileType = sourcecode.c.objc; path = ZEGCommons.m; sourceTree = "<group>"; };
		007BE20C1832CDAF00FF5666 /* ZEGWallViewController.h */ = {isa = PBXFileReference; fileEncoding = 4; lastKnownFileType = sourcecode.c.h; path = ZEGWallViewController.h; sourceTree = "<group>"; };
		007BE20D1832CDB000FF5666 /* ZEGWallViewController.m */ = {isa = PBXFileReference; fileEncoding = 4; lastKnownFileType = sourcecode.c.objc; path = ZEGWallViewController.m; sourceTree = "<group>"; };
/* End PBXFileReference section */

/* Begin PBXFrameworksBuildPhase section */
		007BE1AE1832BD5700FF5666 /* Frameworks */ = {
			isa = PBXFrameworksBuildPhase;
			buildActionMask = 2147483647;
			files = (
				007BE2061832C2F400FF5666 /* SystemConfiguration.framework in Frameworks */,
				007BE2041832C2ED00FF5666 /* StoreKit.framework in Frameworks */,
				007BE2021832C2E500FF5666 /* QuartzCore.framework in Frameworks */,
				007BE2001832C2DC00FF5666 /* MobileCoreServices.framework in Frameworks */,
				007BE1FE1832C2D300FF5666 /* libz.1.1.3.dylib in Frameworks */,
				007BE1FC1832C2C500FF5666 /* CoreLocation.framework in Frameworks */,
				007BE1B71832BD5700FF5666 /* CoreGraphics.framework in Frameworks */,
				007BE1FA1832C2AA00FF5666 /* CFNetwork.framework in Frameworks */,
				007BE1F81832C2A100FF5666 /* AudioToolbox.framework in Frameworks */,
				007BE1F41832C1C500FF5666 /* Social.framework in Frameworks */,
				007BE1F21832C1BC00FF5666 /* Security.framework in Frameworks */,
				007BE1F01832C1B400FF5666 /* libsqlite3.0.dylib in Frameworks */,
				007BE1EE1832C1AC00FF5666 /* Accounts.framework in Frameworks */,
				007BE1F61832C29300FF5666 /* Parse.framework in Frameworks */,
				007BE1EC1832C1A300FF5666 /* AdSupport.framework in Frameworks */,
				007BE1EA1832C14600FF5666 /* FacebookSDK.framework in Frameworks */,
				007BE1B91832BD5700FF5666 /* UIKit.framework in Frameworks */,
				007BE1B51832BD5700FF5666 /* Foundation.framework in Frameworks */,
			);
			runOnlyForDeploymentPostprocessing = 0;
		};
		007BE1CF1832BD5700FF5666 /* Frameworks */ = {
			isa = PBXFrameworksBuildPhase;
			buildActionMask = 2147483647;
			files = (
				007BE1D41832BD5700FF5666 /* XCTest.framework in Frameworks */,
				007BE1D61832BD5700FF5666 /* UIKit.framework in Frameworks */,
				007BE1D51832BD5700FF5666 /* Foundation.framework in Frameworks */,
			);
			runOnlyForDeploymentPostprocessing = 0;
		};
/* End PBXFrameworksBuildPhase section */

/* Begin PBXGroup section */
		007BE1A81832BD5700FF5666 = {
			isa = PBXGroup;
			children = (
				007BE1BA1832BD5700FF5666 /* iWall */,
				007BE1D91832BD5700FF5666 /* iWallTests */,
				007BE1B31832BD5700FF5666 /* Frameworks */,
				007BE1B21832BD5700FF5666 /* Products */,
			);
			sourceTree = "<group>";
		};
		007BE1B21832BD5700FF5666 /* Products */ = {
			isa = PBXGroup;
			children = (
				007BE1B11832BD5700FF5666 /* iWall.app */,
				007BE1D21832BD5700FF5666 /* iWallTests.xctest */,
			);
			name = Products;
			sourceTree = "<group>";
		};
		007BE1B31832BD5700FF5666 /* Frameworks */ = {
			isa = PBXGroup;
			children = (
				007BE2051832C2F400FF5666 /* SystemConfiguration.framework */,
				007BE2031832C2ED00FF5666 /* StoreKit.framework */,
				007BE2011832C2E500FF5666 /* QuartzCore.framework */,
				007BE1FF1832C2DC00FF5666 /* MobileCoreServices.framework */,
				007BE1FD1832C2D300FF5666 /* libz.1.1.3.dylib */,
				007BE1FB1832C2C500FF5666 /* CoreLocation.framework */,
				007BE1F91832C2AA00FF5666 /* CFNetwork.framework */,
				007BE1F71832C2A100FF5666 /* AudioToolbox.framework */,
				007BE1F51832C29300FF5666 /* Parse.framework */,
				007BE1F31832C1C500FF5666 /* Social.framework */,
				007BE1F11832C1BC00FF5666 /* Security.framework */,
				007BE1EF1832C1B400FF5666 /* libsqlite3.0.dylib */,
				007BE1ED1832C1AC00FF5666 /* Accounts.framework */,
				007BE1EB1832C1A300FF5666 /* AdSupport.framework */,
				007BE1E91832C14600FF5666 /* FacebookSDK.framework */,
				007BE1B41832BD5700FF5666 /* Foundation.framework */,
				007BE1B61832BD5700FF5666 /* CoreGraphics.framework */,
				007BE1B81832BD5700FF5666 /* UIKit.framework */,
				007BE1D31832BD5700FF5666 /* XCTest.framework */,
			);
			name = Frameworks;
			sourceTree = "<group>";
		};
		007BE1BA1832BD5700FF5666 /* iWall */ = {
			isa = PBXGroup;
			children = (
				007BE1C61832BD5700FF5666 /* Main.storyboard */,
				007BE1C31832BD5700FF5666 /* ZEGAppDelegate.h */,
				007BE1C41832BD5700FF5666 /* ZEGAppDelegate.m */,
				007BE1C91832BD5700FF5666 /* ZEGViewController.h */,
				007BE1CA1832BD5700FF5666 /* ZEGViewController.m */,
				007BE20C1832CDAF00FF5666 /* ZEGWallViewController.h */,
				007BE20D1832CDB000FF5666 /* ZEGWallViewController.m */,
				007BE2091832C6A700FF5666 /* ZEGCommons.h */,
				007BE20A1832C6A700FF5666 /* ZEGCommons.m */,
				007BE1CC1832BD5700FF5666 /* Images.xcassets */,
				007BE1BB1832BD5700FF5666 /* Supporting Files */,
			);
			path = iWall;
			sourceTree = "<group>";
		};
		007BE1BB1832BD5700FF5666 /* Supporting Files */ = {
			isa = PBXGroup;
			children = (
				007BE2071832C48900FF5666 /* loginButton.png */,
				007BE1BC1832BD5700FF5666 /* iWall-Info.plist */,
				007BE1BD1832BD5700FF5666 /* InfoPlist.strings */,
				007BE1C01832BD5700FF5666 /* main.m */,
				007BE1C21832BD5700FF5666 /* iWall-Prefix.pch */,
			);
			name = "Supporting Files";
			sourceTree = "<group>";
		};
		007BE1D91832BD5700FF5666 /* iWallTests */ = {
			isa = PBXGroup;
			children = (
				007BE1DF1832BD5700FF5666 /* iWallTests.m */,
				007BE1DA1832BD5700FF5666 /* Supporting Files */,
			);
			path = iWallTests;
			sourceTree = "<group>";
		};
		007BE1DA1832BD5700FF5666 /* Supporting Files */ = {
			isa = PBXGroup;
			children = (
				007BE1DB1832BD5700FF5666 /* iWallTests-Info.plist */,
				007BE1DC1832BD5700FF5666 /* InfoPlist.strings */,
			);
			name = "Supporting Files";
			sourceTree = "<group>";
		};
/* End PBXGroup section */

/* Begin PBXNativeTarget section */
		007BE1B01832BD5700FF5666 /* iWall */ = {
			isa = PBXNativeTarget;
			buildConfigurationList = 007BE1E31832BD5700FF5666 /* Build configuration list for PBXNativeTarget "iWall" */;
			buildPhases = (
				007BE1AD1832BD5700FF5666 /* Sources */,
				007BE1AE1832BD5700FF5666 /* Frameworks */,
				007BE1AF1832BD5700FF5666 /* Resources */,
			);
			buildRules = (
			);
			dependencies = (
			);
			name = iWall;
			productName = iWall;
			productReference = 007BE1B11832BD5700FF5666 /* iWall.app */;
			productType = "com.apple.product-type.application";
		};
		007BE1D11832BD5700FF5666 /* iWallTests */ = {
			isa = PBXNativeTarget;
			buildConfigurationList = 007BE1E61832BD5700FF5666 /* Build configuration list for PBXNativeTarget "iWallTests" */;
			buildPhases = (
				007BE1CE1832BD5700FF5666 /* Sources */,
				007BE1CF1832BD5700FF5666 /* Frameworks */,
				007BE1D01832BD5700FF5666 /* Resources */,
			);
			buildRules = (
			);
			dependencies = (
				007BE1D81832BD5700FF5666 /* PBXTargetDependency */,
			);
			name = iWallTests;
			productName = iWallTests;
			productReference = 007BE1D21832BD5700FF5666 /* iWallTests.xctest */;
			productType = "com.apple.product-type.bundle.unit-test";
		};
/* End PBXNativeTarget section */

/* Begin PBXProject section */
		007BE1A91832BD5700FF5666 /* Project object */ = {
			isa = PBXProject;
			attributes = {
				CLASSPREFIX = ZEG;
				LastUpgradeCheck = 0500;
				ORGANIZATIONNAME = "Zabolotniy&Co";
				TargetAttributes = {
					007BE1D11832BD5700FF5666 = {
						TestTargetID = 007BE1B01832BD5700FF5666;
					};
				};
			};
			buildConfigurationList = 007BE1AC1832BD5700FF5666 /* Build configuration list for PBXProject "iWall" */;
			compatibilityVersion = "Xcode 3.2";
			developmentRegion = English;
			hasScannedForEncodings = 0;
			knownRegions = (
				en,
				Base,
			);
			mainGroup = 007BE1A81832BD5700FF5666;
			productRefGroup = 007BE1B21832BD5700FF5666 /* Products */;
			projectDirPath = "";
			projectRoot = "";
			targets = (
				007BE1B01832BD5700FF5666 /* iWall */,
				007BE1D11832BD5700FF5666 /* iWallTests */,
			);
		};
/* End PBXProject section */

/* Begin PBXResourcesBuildPhase section */
		007BE1AF1832BD5700FF5666 /* Resources */ = {
			isa = PBXResourcesBuildPhase;
			buildActionMask = 2147483647;
			files = (
				007BE1CD1832BD5700FF5666 /* Images.xcassets in Resources */,
				007BE1BF1832BD5700FF5666 /* InfoPlist.strings in Resources */,
				007BE1C81832BD5700FF5666 /* Main.storyboard in Resources */,
				007BE2081832C48900FF5666 /* loginButton.png in Resources */,
			);
			runOnlyForDeploymentPostprocessing = 0;
		};
		007BE1D01832BD5700FF5666 /* Resources */ = {
			isa = PBXResourcesBuildPhase;
			buildActionMask = 2147483647;
			files = (
				007BE1DE1832BD5700FF5666 /* InfoPlist.strings in Resources */,
			);
			runOnlyForDeploymentPostprocessing = 0;
		};
/* End PBXResourcesBuildPhase section */

/* Begin PBXSourcesBuildPhase section */
		007BE1AD1832BD5700FF5666 /* Sources */ = {
			isa = PBXSourcesBuildPhase;
			buildActionMask = 2147483647;
			files = (
				007BE1CB1832BD5700FF5666 /* ZEGViewController.m in Sources */,
				007BE20E1832CDB000FF5666 /* ZEGWallViewController.m in Sources */,
				007BE20B1832C6A700FF5666 /* ZEGCommons.m in Sources */,
				007BE1C11832BD5700FF5666 /* main.m in Sources */,
				007BE1C51832BD5700FF5666 /* ZEGAppDelegate.m in Sources */,
			);
			runOnlyForDeploymentPostprocessing = 0;
		};
		007BE1CE1832BD5700FF5666 /* Sources */ = {
			isa = PBXSourcesBuildPhase;
			buildActionMask = 2147483647;
			files = (
				007BE1E01832BD5700FF5666 /* iWallTests.m in Sources */,
			);
			runOnlyForDeploymentPostprocessing = 0;
		};
/* End PBXSourcesBuildPhase section */

/* Begin PBXTargetDependency section */
		007BE1D81832BD5700FF5666 /* PBXTargetDependency */ = {
			isa = PBXTargetDependency;
			target = 007BE1B01832BD5700FF5666 /* iWall */;
			targetProxy = 007BE1D71832BD5700FF5666 /* PBXContainerItemProxy */;
		};
/* End PBXTargetDependency section */

/* Begin PBXVariantGroup section */
		007BE1BD1832BD5700FF5666 /* InfoPlist.strings */ = {
			isa = PBXVariantGroup;
			children = (
				007BE1BE1832BD5700FF5666 /* en */,
			);
			name = InfoPlist.strings;
			sourceTree = "<group>";
		};
		007BE1C61832BD5700FF5666 /* Main.storyboard */ = {
			isa = PBXVariantGroup;
			children = (
				007BE1C71832BD5700FF5666 /* Base */,
			);
			name = Main.storyboard;
			sourceTree = "<group>";
		};
		007BE1DC1832BD5700FF5666 /* InfoPlist.strings */ = {
			isa = PBXVariantGroup;
			children = (
				007BE1DD1832BD5700FF5666 /* en */,
			);
			name = InfoPlist.strings;
			sourceTree = "<group>";
		};
/* End PBXVariantGroup section */

/* Begin XCBuildConfiguration section */
		007BE1E11832BD5700FF5666 /* Debug */ = {
			isa = XCBuildConfiguration;
			buildSettings = {
				ALWAYS_SEARCH_USER_PATHS = NO;
				ARCHS = "$(ARCHS_STANDARD_INCLUDING_64_BIT)";
				CLANG_CXX_LANGUAGE_STANDARD = "gnu++0x";
				CLANG_CXX_LIBRARY = "libc++";
				CLANG_ENABLE_MODULES = YES;
				CLANG_ENABLE_OBJC_ARC = YES;
				CLANG_WARN_BOOL_CONVERSION = YES;
				CLANG_WARN_CONSTANT_CONVERSION = YES;
				CLANG_WARN_DIRECT_OBJC_ISA_USAGE = YES_ERROR;
				CLANG_WARN_EMPTY_BODY = YES;
				CLANG_WARN_ENUM_CONVERSION = YES;
				CLANG_WARN_INT_CONVERSION = YES;
				CLANG_WARN_OBJC_ROOT_CLASS = YES_ERROR;
				CLANG_WARN__DUPLICATE_METHOD_MATCH = YES;
				"CODE_SIGN_IDENTITY[sdk=iphoneos*]" = "iPhone Developer";
				COPY_PHASE_STRIP = NO;
				GCC_C_LANGUAGE_STANDARD = gnu99;
				GCC_DYNAMIC_NO_PIC = NO;
				GCC_OPTIMIZATION_LEVEL = 0;
				GCC_PREPROCESSOR_DEFINITIONS = (
					"DEBUG=1",
					"$(inherited)",
				);
				GCC_SYMBOLS_PRIVATE_EXTERN = NO;
				GCC_WARN_64_TO_32_BIT_CONVERSION = YES;
				GCC_WARN_ABOUT_RETURN_TYPE = YES_ERROR;
				GCC_WARN_UNDECLARED_SELECTOR = YES;
				GCC_WARN_UNINITIALIZED_AUTOS = YES;
				GCC_WARN_UNUSED_FUNCTION = YES;
				GCC_WARN_UNUSED_VARIABLE = YES;
				IPHONEOS_DEPLOYMENT_TARGET = 7.0;
				ONLY_ACTIVE_ARCH = YES;
				SDKROOT = iphoneos;
			};
			name = Debug;
		};
		007BE1E21832BD5700FF5666 /* Release */ = {
			isa = XCBuildConfiguration;
			buildSettings = {
				ALWAYS_SEARCH_USER_PATHS = NO;
				ARCHS = "$(ARCHS_STANDARD_INCLUDING_64_BIT)";
				CLANG_CXX_LANGUAGE_STANDARD = "gnu++0x";
				CLANG_CXX_LIBRARY = "libc++";
				CLANG_ENABLE_MODULES = YES;
				CLANG_ENABLE_OBJC_ARC = YES;
				CLANG_WARN_BOOL_CONVERSION = YES;
				CLANG_WARN_CONSTANT_CONVERSION = YES;
				CLANG_WARN_DIRECT_OBJC_ISA_USAGE = YES_ERROR;
				CLANG_WARN_EMPTY_BODY = YES;
				CLANG_WARN_ENUM_CONVERSION = YES;
				CLANG_WARN_INT_CONVERSION = YES;
				CLANG_WARN_OBJC_ROOT_CLASS = YES_ERROR;
				CLANG_WARN__DUPLICATE_METHOD_MATCH = YES;
				"CODE_SIGN_IDENTITY[sdk=iphoneos*]" = "iPhone Developer";
				COPY_PHASE_STRIP = YES;
				ENABLE_NS_ASSERTIONS = NO;
				GCC_C_LANGUAGE_STANDARD = gnu99;
				GCC_WARN_64_TO_32_BIT_CONVERSION = YES;
				GCC_WARN_ABOUT_RETURN_TYPE = YES_ERROR;
				GCC_WARN_UNDECLARED_SELECTOR = YES;
				GCC_WARN_UNINITIALIZED_AUTOS = YES;
				GCC_WARN_UNUSED_FUNCTION = YES;
				GCC_WARN_UNUSED_VARIABLE = YES;
				IPHONEOS_DEPLOYMENT_TARGET = 7.0;
				SDKROOT = iphoneos;
				VALIDATE_PRODUCT = YES;
			};
			name = Release;
		};
		007BE1E41832BD5700FF5666 /* Debug */ = {
			isa = XCBuildConfiguration;
			buildSettings = {
				ASSETCATALOG_COMPILER_APPICON_NAME = AppIcon;
				ASSETCATALOG_COMPILER_LAUNCHIMAGE_NAME = LaunchImage;
				FRAMEWORK_SEARCH_PATHS = (
					"$(inherited)",
					/Users/eugenezabolotniy/Documents/SDKs/FacebookSDK,
					/Users/eugenezabolotniy/iphoneApplications/Parse/iWall,
				);
				GCC_PRECOMPILE_PREFIX_HEADER = YES;
				GCC_PREFIX_HEADER = "iWall/iWall-Prefix.pch";
				INFOPLIST_FILE = "iWall/iWall-Info.plist";
				PRODUCT_NAME = "$(TARGET_NAME)";
				WRAPPER_EXTENSION = app;
			};
			name = Debug;
		};
		007BE1E51832BD5700FF5666 /* Release */ = {
			isa = XCBuildConfiguration;
			buildSettings = {
				ASSETCATALOG_COMPILER_APPICON_NAME = AppIcon;
				ASSETCATALOG_COMPILER_LAUNCHIMAGE_NAME = LaunchImage;
				FRAMEWORK_SEARCH_PATHS = (
					"$(inherited)",
					/Users/eugenezabolotniy/Documents/SDKs/FacebookSDK,
					/Users/eugenezabolotniy/iphoneApplications/Parse/iWall,
				);
				GCC_PRECOMPILE_PREFIX_HEADER = YES;
				GCC_PREFIX_HEADER = "iWall/iWall-Prefix.pch";
				INFOPLIST_FILE = "iWall/iWall-Info.plist";
				PRODUCT_NAME = "$(TARGET_NAME)";
				WRAPPER_EXTENSION = app;
			};
			name = Release;
		};
		007BE1E71832BD5700FF5666 /* Debug */ = {
			isa = XCBuildConfiguration;
			buildSettings = {
				ARCHS = "$(ARCHS_STANDARD_INCLUDING_64_BIT)";
				BUNDLE_LOADER = "$(BUILT_PRODUCTS_DIR)/iWall.app/iWall";
				FRAMEWORK_SEARCH_PATHS = (
					"$(SDKROOT)/Developer/Library/Frameworks",
					"$(inherited)",
					"$(DEVELOPER_FRAMEWORKS_DIR)",
				);
				GCC_PRECOMPILE_PREFIX_HEADER = YES;
				GCC_PREFIX_HEADER = "iWall/iWall-Prefix.pch";
				GCC_PREPROCESSOR_DEFINITIONS = (
					"DEBUG=1",
					"$(inherited)",
				);
				INFOPLIST_FILE = "iWallTests/iWallTests-Info.plist";
				PRODUCT_NAME = "$(TARGET_NAME)";
				TEST_HOST = "$(BUNDLE_LOADER)";
				WRAPPER_EXTENSION = xctest;
			};
			name = Debug;
		};
		007BE1E81832BD5700FF5666 /* Release */ = {
			isa = XCBuildConfiguration;
			buildSettings = {
				ARCHS = "$(ARCHS_STANDARD_INCLUDING_64_BIT)";
				BUNDLE_LOADER = "$(BUILT_PRODUCTS_DIR)/iWall.app/iWall";
				FRAMEWORK_SEARCH_PATHS = (
					"$(SDKROOT)/Developer/Library/Frameworks",
					"$(inherited)",
					"$(DEVELOPER_FRAMEWORKS_DIR)",
				);
				GCC_PRECOMPILE_PREFIX_HEADER = YES;
				GCC_PREFIX_HEADER = "iWall/iWall-Prefix.pch";
				INFOPLIST_FILE = "iWallTests/iWallTests-Info.plist";
				PRODUCT_NAME = "$(TARGET_NAME)";
				TEST_HOST = "$(BUNDLE_LOADER)";
				WRAPPER_EXTENSION = xctest;
			};
			name = Release;
		};
/* End XCBuildConfiguration section */

/* Begin XCConfigurationList section */
		007BE1AC1832BD5700FF5666 /* Build configuration list for PBXProject "iWall" */ = {
			isa = XCConfigurationList;
			buildConfigurations = (
				007BE1E11832BD5700FF5666 /* Debug */,
				007BE1E21832BD5700FF5666 /* Release */,
			);
			defaultConfigurationIsVisible = 0;
			defaultConfigurationName = Release;
		};
		007BE1E31832BD5700FF5666 /* Build configuration list for PBXNativeTarget "iWall" */ = {
			isa = XCConfigurationList;
			buildConfigurations = (
				007BE1E41832BD5700FF5666 /* Debug */,
				007BE1E51832BD5700FF5666 /* Release */,
			);
			defaultConfigurationIsVisible = 0;
		};
		007BE1E61832BD5700FF5666 /* Build configuration list for PBXNativeTarget "iWallTests" */ = {
			isa = XCConfigurationList;
			buildConfigurations = (
				007BE1E71832BD5700FF5666 /* Debug */,
				007BE1E81832BD5700FF5666 /* Release */,
			);
			defaultConfigurationIsVisible = 0;
		};
/* End XCConfigurationList section */
	};
	rootObject = 007BE1A91832BD5700FF5666 /* Project object */;
}
